
Microsoft Visual Studio Solution File, Format Version 12.00
# Visual Studio 2013
VisualStudioVersion = 12.0.21005.1
MinimumVisualStudioVersion = 10.0.40219.1
Project("{FAE04EC0-301F-11D3-BF4B-00C04F79EFBC}") = "LFA.Win", "..\..\UI\LFA.Win\LFA.Win\LFA.Win.csproj", "{8D984392-B242-4BA4-B815-C29AB9BF9615}"
EndProject
Project("{2150E333-8FDC-42A3-9474-1A3956D46DE8}") = "SharedProjects", "SharedProjects", "{85C2452A-C675-4601-BEC8-EA35F2CBCBDF}"
	ProjectSection(SolutionItems) = preProject
		..\..\SharedProjects\LFA.Common\LFA.Common.csproj = ..\..\SharedProjects\LFA.Common\LFA.Common.csproj
	EndProjectSection
EndProject
Global
	GlobalSection(SolutionConfigurationPlatforms) = preSolution
		Debug|Any CPU = Debug|Any CPU
		Release|Any CPU = Release|Any CPU
	EndGlobalSection
	GlobalSection(ProjectConfigurationPlatforms) = postSolution
		{8D984392-B242-4BA4-B815-C29AB9BF9615}.Debug|Any CPU.ActiveCfg = Debug|Any CPU
		{8D984392-B242-4BA4-B815-C29AB9BF9615}.Debug|Any CPU.Build.0 = Debug|Any CPU
		{8D984392-B242-4BA4-B815-C29AB9BF9615}.Release|Any CPU.ActiveCfg = Release|Any CPU
		{8D984392-B242-4BA4-B815-C29AB9BF9615}.Release|Any CPU.Build.0 = Release|Any CPU
	EndGlobalSection
	GlobalSection(SolutionProperties) = preSolution
		HideSolutionNode = FALSE
	EndGlobalSection
EndGlobal
