
Microsoft Visual Studio Solution File, Format Version 12.00
# Visual Studio 2013
VisualStudioVersion = 12.0.21005.1
MinimumVisualStudioVersion = 10.0.40219.1
Project("{FAE04EC0-301F-11D3-BF4B-00C04F79EFBC}") = "MVC.API", "..\..\UI\LFA.API\MVC.API\MVC.API.csproj", "{964D2DE7-A526-474E-8B11-480C36AA705D}"
EndProject
Project("{2150E333-8FDC-42A3-9474-1A3956D46DE8}") = "SharedProjects", "SharedProjects", "{24032AEE-61DB-4B10-8842-BB48F88D18F5}"
	ProjectSection(SolutionItems) = preProject
		..\..\SharedProjects\LFA.Common\LFA.Common.csproj = ..\..\SharedProjects\LFA.Common\LFA.Common.csproj
	EndProjectSection
EndProject
Global
	GlobalSection(SolutionConfigurationPlatforms) = preSolution
		Debug|Any CPU = Debug|Any CPU
		Release|Any CPU = Release|Any CPU
	EndGlobalSection
	GlobalSection(ProjectConfigurationPlatforms) = postSolution
		{964D2DE7-A526-474E-8B11-480C36AA705D}.Debug|Any CPU.ActiveCfg = Debug|Any CPU
		{964D2DE7-A526-474E-8B11-480C36AA705D}.Debug|Any CPU.Build.0 = Debug|Any CPU
		{964D2DE7-A526-474E-8B11-480C36AA705D}.Release|Any CPU.ActiveCfg = Release|Any CPU
		{964D2DE7-A526-474E-8B11-480C36AA705D}.Release|Any CPU.Build.0 = Release|Any CPU
	EndGlobalSection
	GlobalSection(SolutionProperties) = preSolution
		HideSolutionNode = FALSE
	EndGlobalSection
EndGlobal
